// !$*UTF8*$!
{
	archiveVersion = 1;
	classes = {
	};
	objectVersion = 70;
	objects = {

/* Begin PBXBuildFile section */
		8AE7F2E1663A417C97CDA7E0 /* HTTP.swift in Sources */ = {isa = PBXBuildFile; fileRef = AD3A008F2644484A93CC0D71 /* HTTP.swift */; };
		A34BF8396B39482092A48EF4 /* Deprecations.swift in Sources */ = {isa = PBXBuildFile; fileRef = C876F4FC459F4D7A8807D603 /* Deprecations.swift */; };
		E216D01D2BB4F8C000BB5385 /* Bundle+Resource.swift in Sources */ = {isa = PBXBuildFile; fileRef = E216D01C2BB4F8C000BB5385 /* Bundle+Resource.swift */; };
		E24ADC5F2BCE0DAB008779F5 /* URLRequest+Response.swift in Sources */ = {isa = PBXBuildFile; fileRef = E24ADC5E2BCE0DAB008779F5 /* URLRequest+Response.swift */; };
		E24CE2B32E56F6F10086B30C /* URL+QueryItem.swift in Sources */ = {isa = PBXBuildFile; fileRef = E24CE2B22E56F6E50086B30C /* URL+QueryItem.swift */; };
		E24CE2B62E5703180086B30C /* OAuthView.swift in Sources */ = {isa = PBXBuildFile; fileRef = E24CE2B52E5703160086B30C /* OAuthView.swift */; };
		E24CE2B82E5703440086B30C /* WebView.swift in Sources */ = {isa = PBXBuildFile; fileRef = E24CE2B72E5703410086B30C /* WebView.swift */; };
		E24CE2C42E5C22CB0086B30C /* JSON.swift in Sources */ = {isa = PBXBuildFile; fileRef = E24CE2C32E5C22C40086B30C /* JSON.swift */; };
		E25BA50E2BAD21E000A4494D /* Plan.swift in Sources */ = {isa = PBXBuildFile; fileRef = E25BA50D2BAD21E000A4494D /* Plan.swift */; };
		E25BA5112BB10DDC00A4494D /* Plan.Cell+DetailRow.swift in Sources */ = {isa = PBXBuildFile; fileRef = E25BA5102BB10DDC00A4494D /* Plan.Cell+DetailRow.swift */; };
		E25BA5132BB1488D00A4494D /* Alert+Error.swift in Sources */ = {isa = PBXBuildFile; fileRef = E25BA5122BB1488D00A4494D /* Alert+Error.swift */; };
		E25BA5152BB14B0800A4494D /* SitesScene.swift in Sources */ = {isa = PBXBuildFile; fileRef = E25BA5142BB14B0800A4494D /* SitesScene.swift */; };
		E265077E2E83BE91008D1A01 /* Fetcher.swift in Sources */ = {isa = PBXBuildFile; fileRef = E265077D2E83BE8E008D1A01 /* Fetcher.swift */; };
		E29168CA22A2973D005D638E /* BFWFetchApp.swift in Sources */ = {isa = PBXBuildFile; fileRef = E29168C922A2973D005D638E /* BFWFetchApp.swift */; };
		E29168D122A29740005D638E /* Assets.xcassets in Resources */ = {isa = PBXBuildFile; fileRef = E29168D022A29740005D638E /* Assets.xcassets */; };
		E29168E022A298B1005D638E /* SitesScene+View.swift in Sources */ = {isa = PBXBuildFile; fileRef = E29168DF22A298B1005D638E /* SitesScene+View.swift */; };
		E29168E122A29902005D638E /* BFWFetch.framework in Frameworks */ = {isa = PBXBuildFile; fileRef = E2A55E8D21AAD3A500812DC6 /* BFWFetch.framework */; };
		E29168E222A29902005D638E /* BFWFetch.framework in Embed Frameworks */ = {isa = PBXBuildFile; fileRef = E2A55E8D21AAD3A500812DC6 /* BFWFetch.framework */; settings = {ATTRIBUTES = (CodeSignOnCopy, RemoveHeadersOnCopy, ); }; };
		E29168F022A2A754005D638E /* Site.swift in Sources */ = {isa = PBXBuildFile; fileRef = E29168EF22A2A754005D638E /* Site.swift */; };
		E291690822A38D2F005D638E /* SiteScene+View.swift in Sources */ = {isa = PBXBuildFile; fileRef = E291690722A38D2F005D638E /* SiteScene+View.swift */; };
		E29339322C46961300810E45 /* OAuth.swift in Sources */ = {isa = PBXBuildFile; fileRef = E29339312C46961300810E45 /* OAuth.swift */; };
		E29F35F42F4AB8F4001F6459 /* BFWFetch.framework in Frameworks */ = {isa = PBXBuildFile; fileRef = E2A55E8D21AAD3A500812DC6 /* BFWFetch.framework */; };
		E29F360D2F4BBD15001F6459 /* Codable+UserDefaults.swift in Sources */ = {isa = PBXBuildFile; fileRef = E29F360C2F4BBD15001F6459 /* Codable+UserDefaults.swift */; };
		E29F619A2610431400947455 /* JSONDecoder+Date.swift in Sources */ = {isa = PBXBuildFile; fileRef = E29F61992610431400947455 /* JSONDecoder+Date.swift */; };
		E29F619E2610442900947455 /* DateFormatter+Fetch.swift in Sources */ = {isa = PBXBuildFile; fileRef = E29F619D2610442900947455 /* DateFormatter+Fetch.swift */; };
		E29F61A02610448000947455 /* String+SnakeCase.swift in Sources */ = {isa = PBXBuildFile; fileRef = E29F619F2610448000947455 /* String+SnakeCase.swift */; };
		E29F61A426104BB900947455 /* URL+PathComponents.swift in Sources */ = {isa = PBXBuildFile; fileRef = E29F61A126104BB900947455 /* URL+PathComponents.swift */; };
		E29F61A526104BB900947455 /* URLRequest+Modifiers.swift in Sources */ = {isa = PBXBuildFile; fileRef = E29F61A226104BB900947455 /* URLRequest+Modifiers.swift */; };
		E29F61A82612CD3C00947455 /* API.Request.Group.swift in Sources */ = {isa = PBXBuildFile; fileRef = E29F61A72612CD3C00947455 /* API.Request.Group.swift */; };
		E29F61AB2612CE0E00947455 /* GroupScene.swift in Sources */ = {isa = PBXBuildFile; fileRef = E29F61AA2612CE0E00947455 /* GroupScene.swift */; };
		E29F61AD2612E56F00947455 /* Site+ViewModel.swift in Sources */ = {isa = PBXBuildFile; fileRef = E29F61AC2612E56F00947455 /* Site+ViewModel.swift */; };
		E29F61B12613D6C800947455 /* API.swift in Sources */ = {isa = PBXBuildFile; fileRef = E29F61B02613D6C800947455 /* API.swift */; };
		E29F61B32613DC7000947455 /* RootScene.swift in Sources */ = {isa = PBXBuildFile; fileRef = E29F61B22613DC7000947455 /* RootScene.swift */; };
		E29F61B62613E91B00947455 /* DetailRow.swift in Sources */ = {isa = PBXBuildFile; fileRef = E29F61B52613E91B00947455 /* DetailRow.swift */; };
		E29F61B82613EBF900947455 /* Site+Mock.swift in Sources */ = {isa = PBXBuildFile; fileRef = E29F61B72613EBF900947455 /* Site+Mock.swift */; };
		E2A00001304400000000A001 /* AuthorizationProvider.swift in Sources */ = {isa = PBXBuildFile; fileRef = E2A00001304400000000A000 /* AuthorizationProvider.swift */; };
		E2A00001304400000000B001 /* OAuthAuthorizationProvider.swift in Sources */ = {isa = PBXBuildFile; fileRef = E2A00001304400000000B000 /* OAuthAuthorizationProvider.swift */; };
		E2A00001304400000000C001 /* BearerCredential.swift in Sources */ = {isa = PBXBuildFile; fileRef = E2A00001304400000000C000 /* BearerCredential.swift */; };
		E2A3C42A2F90974200EC3DDD /* OpenEnum.swift in Sources */ = {isa = PBXBuildFile; fileRef = E2A3C4292F90974200EC3DDD /* OpenEnum.swift */; };
		E2A3C6C42F98BC1600EC3DDD /* Keychain.swift in Sources */ = {isa = PBXBuildFile; fileRef = E2A3C6C32F98BC1600EC3DDD /* Keychain.swift */; };
		E2A3C7242F99F71400EC3DDD /* BFWFetch.framework in Frameworks */ = {isa = PBXBuildFile; fileRef = E2A55E8D21AAD3A500812DC6 /* BFWFetch.framework */; };
		E2A3C7252F99F71400EC3DDD /* BFWFetch.framework in Embed Frameworks */ = {isa = PBXBuildFile; fileRef = E2A55E8D21AAD3A500812DC6 /* BFWFetch.framework */; settings = {ATTRIBUTES = (CodeSignOnCopy, RemoveHeadersOnCopy, ); }; };
		E2A3C72B2F99F9F200EC3DDD /* AWSCognitoIdentityProvider in Frameworks */ = {isa = PBXBuildFile; productRef = E2A3C72A2F99F9F200EC3DDD /* AWSCognitoIdentityProvider */; };
		E2A3C72D2F99F9F200EC3DDD /* AWSCore in Frameworks */ = {isa = PBXBuildFile; productRef = E2A3C72C2F99F9F200EC3DDD /* AWSCore */; };
		E2A3D0022F99AA0100EC3DDD /* CredentialStore.swift in Sources */ = {isa = PBXBuildFile; fileRef = E2A3D0012F99AA0100EC3DDD /* CredentialStore.swift */; };
		E2A3D0042F99AA0100EC3DDD /* CredentialProviding.swift in Sources */ = {isa = PBXBuildFile; fileRef = E2A3D0032F99AA0100EC3DDD /* CredentialProviding.swift */; };
		E2A3D10B2F9A000100EC3DDD /* OAuth.PKCE.swift in Sources */ = {isa = PBXBuildFile; fileRef = E2A3D10A2F9A000100EC3DDD /* OAuth.PKCE.swift */; };
		E2A3D11B2F9A000100EC3DDE /* OAuth.Client.swift in Sources */ = {isa = PBXBuildFile; fileRef = E2A3D11A2F9A000100EC3DDE /* OAuth.Client.swift */; };
		E2A5484D2C51CD6A00A037FD /* URLResponse.Error.swift in Sources */ = {isa = PBXBuildFile; fileRef = E2A5484C2C51CD6A00A037FD /* URLResponse.Error.swift */; };
		E2A55EB521AAD48E00812DC6 /* URLRequest+Body.swift in Sources */ = {isa = PBXBuildFile; fileRef = E2A55EAF21AAD48D00812DC6 /* URLRequest+Body.swift */; };
		E2A55EBF21AAD8E200812DC6 /* URLComponents+queryItems.swift in Sources */ = {isa = PBXBuildFile; fileRef = E2A55EBE21AAD64600812DC6 /* URLComponents+queryItems.swift */; };
		E2BF239F2BFDBE010016EBC1 /* DecoderProvider.swift in Sources */ = {isa = PBXBuildFile; fileRef = E2BF239E2BFDBE010016EBC1 /* DecoderProvider.swift */; };
		E2BF23A12BFE01720016EBC1 /* API.Response.swift in Sources */ = {isa = PBXBuildFile; fileRef = E2BF23A02BFE01720016EBC1 /* API.Response.swift */; };
		E2C884252E6975DE00484B0E /* Array+Appending.swift in Sources */ = {isa = PBXBuildFile; fileRef = E2C884242E6975D400484B0E /* Array+Appending.swift */; };
		E2C8842D2E6AA1E200484B0E /* Collection+Empty.swift in Sources */ = {isa = PBXBuildFile; fileRef = E2C8842C2E6AA1DC00484B0E /* Collection+Empty.swift */; };
		E2D001A0261821E900318FD0 /* OpenWeatherScene.swift in Sources */ = {isa = PBXBuildFile; fileRef = E2D0019F261821E900318FD0 /* OpenWeatherScene.swift */; };
		E2D001A4261823AA00318FD0 /* API.Request.Weather.swift in Sources */ = {isa = PBXBuildFile; fileRef = E2D001A3261823AA00318FD0 /* API.Request.Weather.swift */; };
		E2D001A62618252700318FD0 /* AsyncNavigationLink.swift in Sources */ = {isa = PBXBuildFile; fileRef = E2D001A52618252700318FD0 /* AsyncNavigationLink.swift */; };
		E2D001A82618254200318FD0 /* CompressibleSpacer.swift in Sources */ = {isa = PBXBuildFile; fileRef = E2D001A72618254200318FD0 /* CompressibleSpacer.swift */; };
		E2D001AA2618270D00318FD0 /* WeatherScene.swift in Sources */ = {isa = PBXBuildFile; fileRef = E2D001A92618270D00318FD0 /* WeatherScene.swift */; };
		E2D001AC26182C3900318FD0 /* WeatherScene+View.swift in Sources */ = {isa = PBXBuildFile; fileRef = E2D001AB26182C3900318FD0 /* WeatherScene+View.swift */; };
		E2D001AE261AF5F500318FD0 /* GroupScene+View.swift in Sources */ = {isa = PBXBuildFile; fileRef = E2D001AD261AF5F500318FD0 /* GroupScene+View.swift */; };
		E2D001B2261BCC5C00318FD0 /* System.swift in Sources */ = {isa = PBXBuildFile; fileRef = E2D001B1261BCC5C00318FD0 /* System.swift */; };
		E2D001BB261C360600318FD0 /* SiteScene.swift in Sources */ = {isa = PBXBuildFile; fileRef = E2D001BA261C360600318FD0 /* SiteScene.swift */; };
		E2D001BD261D2A0900318FD0 /* API.Request.swift in Sources */ = {isa = PBXBuildFile; fileRef = E2D001BC261D2A0900318FD0 /* API.Request.swift */; };
		E2D829882C4DC44B00463E10 /* URLFetched.swift in Sources */ = {isa = PBXBuildFile; fileRef = E2D829872C4DC44600463E10 /* URLFetched.swift */; };
		E2ED3DDA2BB3C29800D26896 /* GraphQL.swift in Sources */ = {isa = PBXBuildFile; fileRef = E2ED3DD92BB3C29800D26896 /* GraphQL.swift */; };
		E2F673632F5B8DA400ED80D4 /* SharedTask.swift in Sources */ = {isa = PBXBuildFile; fileRef = E2F673622F5B8DA400ED80D4 /* SharedTask.swift */; };
/* End PBXBuildFile section */

/* Begin PBXContainerItemProxy section */
		E29168E322A29902005D638E /* PBXContainerItemProxy */ = {
			isa = PBXContainerItemProxy;
			containerPortal = E2A55E8421AAD3A500812DC6 /* Project object */;
			proxyType = 1;
			remoteGlobalIDString = E2A55E8C21AAD3A500812DC6;
			remoteInfo = BFWFetch;
		};
		E29F35F52F4AB8F4001F6459 /* PBXContainerItemProxy */ = {
			isa = PBXContainerItemProxy;
			containerPortal = E2A55E8421AAD3A500812DC6 /* Project object */;
			proxyType = 1;
			remoteGlobalIDString = E2A55E8C21AAD3A500812DC6;
			remoteInfo = BFWFetch;
		};
		E2A3C7262F99F71400EC3DDD /* PBXContainerItemProxy */ = {
			isa = PBXContainerItemProxy;
			containerPortal = E2A55E8421AAD3A500812DC6 /* Project object */;
			proxyType = 1;
			remoteGlobalIDString = E2A55E8C21AAD3A500812DC6;
			remoteInfo = BFWFetch;
		};
/* End PBXContainerItemProxy section */

/* Begin PBXCopyFilesBuildPhase section */
		E29168E522A29902005D638E /* Embed Frameworks */ = {
			isa = PBXCopyFilesBuildPhase;
			buildActionMask = 2147483647;
			dstPath = "";
			dstSubfolderSpec = 10;
			files = (
				E29168E222A29902005D638E /* BFWFetch.framework in Embed Frameworks */,
			);
			name = "Embed Frameworks";
			runOnlyForDeploymentPostprocessing = 0;
		};
		E2A3C7282F99F71400EC3DDD /* Embed Frameworks */ = {
			isa = PBXCopyFilesBuildPhase;
			buildActionMask = 2147483647;
			dstPath = "";
			dstSubfolderSpec = 10;
			files = (
				E2A3C7252F99F71400EC3DDD /* BFWFetch.framework in Embed Frameworks */,
			);
			name = "Embed Frameworks";
			runOnlyForDeploymentPostprocessing = 0;
		};
/* End PBXCopyFilesBuildPhase section */

/* Begin PBXFileReference section */
		AD3A008F2644484A93CC0D71 /* HTTP.swift */ = {isa = PBXFileReference; lastKnownFileType = sourcecode.swift; path = HTTP.swift; sourceTree = "<group>"; };
		C876F4FC459F4D7A8807D603 /* Deprecations.swift */ = {isa = PBXFileReference; lastKnownFileType = sourcecode.swift; path = Deprecations.swift; sourceTree = "<group>"; };
		E21575F32625CA9900EEA3B6 /* README.md */ = {isa = PBXFileReference; lastKnownFileType = net.daringfireball.markdown; path = README.md; sourceTree = "<group>"; };
		E216D01C2BB4F8C000BB5385 /* Bundle+Resource.swift */ = {isa = PBXFileReference; fileEncoding = 4; lastKnownFileType = sourcecode.swift; path = "Bundle+Resource.swift"; sourceTree = "<group>"; };
		E24ADC5E2BCE0DAB008779F5 /* URLRequest+Response.swift */ = {isa = PBXFileReference; lastKnownFileType = sourcecode.swift; path = "URLRequest+Response.swift"; sourceTree = "<group>"; };
		E24CE2B22E56F6E50086B30C /* URL+QueryItem.swift */ = {isa = PBXFileReference; lastKnownFileType = sourcecode.swift; path = "URL+QueryItem.swift"; sourceTree = "<group>"; };
		E24CE2B52E5703160086B30C /* OAuthView.swift */ = {isa = PBXFileReference; lastKnownFileType = sourcecode.swift; path = OAuthView.swift; sourceTree = "<group>"; };
		E24CE2B72E5703410086B30C /* WebView.swift */ = {isa = PBXFileReference; lastKnownFileType = sourcecode.swift; path = WebView.swift; sourceTree = "<group>"; };
		E24CE2C32E5C22C40086B30C /* JSON.swift */ = {isa = PBXFileReference; lastKnownFileType = sourcecode.swift; path = JSON.swift; sourceTree = "<group>"; };
		E25BA50D2BAD21E000A4494D /* Plan.swift */ = {isa = PBXFileReference; lastKnownFileType = sourcecode.swift; path = Plan.swift; sourceTree = "<group>"; };
		E25BA5102BB10DDC00A4494D /* Plan.Cell+DetailRow.swift */ = {isa = PBXFileReference; lastKnownFileType = sourcecode.swift; path = "Plan.Cell+DetailRow.swift"; sourceTree = "<group>"; };
		E25BA5122BB1488D00A4494D /* Alert+Error.swift */ = {isa = PBXFileReference; fileEncoding = 4; lastKnownFileType = sourcecode.swift; path = "Alert+Error.swift"; sourceTree = "<group>"; };
		E25BA5142BB14B0800A4494D /* SitesScene.swift */ = {isa = PBXFileReference; lastKnownFileType = sourcecode.swift; path = SitesScene.swift; sourceTree = "<group>"; };
		E265077D2E83BE8E008D1A01 /* Fetcher.swift */ = {isa = PBXFileReference; lastKnownFileType = sourcecode.swift; path = Fetcher.swift; sourceTree = "<group>"; };
		E29168C722A2973D005D638E /* BFWFetch-Demo.app */ = {isa = PBXFileReference; explicitFileType = wrapper.application; includeInIndex = 0; path = "BFWFetch-Demo.app"; sourceTree = BUILT_PRODUCTS_DIR; };
		E29168C922A2973D005D638E /* BFWFetchApp.swift */ = {isa = PBXFileReference; lastKnownFileType = sourcecode.swift; path = BFWFetchApp.swift; sourceTree = "<group>"; };
		E29168D022A29740005D638E /* Assets.xcassets */ = {isa = PBXFileReference; lastKnownFileType = folder.assetcatalog; path = Assets.xcassets; sourceTree = "<group>"; };
		E29168D522A29740005D638E /* Info.plist */ = {isa = PBXFileReference; lastKnownFileType = text.plist.xml; path = Info.plist; sourceTree = "<group>"; };
		E29168DF22A298B1005D638E /* SitesScene+View.swift */ = {isa = PBXFileReference; lastKnownFileType = sourcecode.swift; path = "SitesScene+View.swift"; sourceTree = "<group>"; };
		E29168EF22A2A754005D638E /* Site.swift */ = {isa = PBXFileReference; lastKnownFileType = sourcecode.swift; path = Site.swift; sourceTree = "<group>"; };
		E291690722A38D2F005D638E /* SiteScene+View.swift */ = {isa = PBXFileReference; lastKnownFileType = sourcecode.swift; path = "SiteScene+View.swift"; sourceTree = "<group>"; };
		E29339312C46961300810E45 /* OAuth.swift */ = {isa = PBXFileReference; lastKnownFileType = sourcecode.swift; path = OAuth.swift; sourceTree = "<group>"; };
		E29F35F02F4AB8F4001F6459 /* BFWFetchTests.xctest */ = {isa = PBXFileReference; explicitFileType = wrapper.cfbundle; includeInIndex = 0; path = BFWFetchTests.xctest; sourceTree = BUILT_PRODUCTS_DIR; };
		E29F360C2F4BBD15001F6459 /* Codable+UserDefaults.swift */ = {isa = PBXFileReference; lastKnownFileType = sourcecode.swift; path = "Codable+UserDefaults.swift"; sourceTree = "<group>"; };
		E29F61992610431400947455 /* JSONDecoder+Date.swift */ = {isa = PBXFileReference; fileEncoding = 4; lastKnownFileType = sourcecode.swift; path = "JSONDecoder+Date.swift"; sourceTree = "<group>"; };
		E29F619D2610442900947455 /* DateFormatter+Fetch.swift */ = {isa = PBXFileReference; fileEncoding = 4; lastKnownFileType = sourcecode.swift; path = "DateFormatter+Fetch.swift"; sourceTree = "<group>"; };
		E29F619F2610448000947455 /* String+SnakeCase.swift */ = {isa = PBXFileReference; fileEncoding = 4; lastKnownFileType = sourcecode.swift; path = "String+SnakeCase.swift"; sourceTree = "<group>"; };
		E29F61A126104BB900947455 /* URL+PathComponents.swift */ = {isa = PBXFileReference; fileEncoding = 4; lastKnownFileType = sourcecode.swift; path = "URL+PathComponents.swift"; sourceTree = "<group>"; };
		E29F61A226104BB900947455 /* URLRequest+Modifiers.swift */ = {isa = PBXFileReference; fileEncoding = 4; lastKnownFileType = sourcecode.swift; path = "URLRequest+Modifiers.swift"; sourceTree = "<group>"; };
		E29F61A72612CD3C00947455 /* API.Request.Group.swift */ = {isa = PBXFileReference; lastKnownFileType = sourcecode.swift; path = API.Request.Group.swift; sourceTree = "<group>"; };
		E29F61AA2612CE0E00947455 /* GroupScene.swift */ = {isa = PBXFileReference; lastKnownFileType = sourcecode.swift; path = GroupScene.swift; sourceTree = "<group>"; };
		E29F61AC2612E56F00947455 /* Site+ViewModel.swift */ = {isa = PBXFileReference; lastKnownFileType = sourcecode.swift; path = "Site+ViewModel.swift"; sourceTree = "<group>"; };
		E29F61B02613D6C800947455 /* API.swift */ = {isa = PBXFileReference; lastKnownFileType = sourcecode.swift; path = API.swift; sourceTree = "<group>"; };
		E29F61B22613DC7000947455 /* RootScene.swift */ = {isa = PBXFileReference; lastKnownFileType = sourcecode.swift; path = RootScene.swift; sourceTree = "<group>"; };
		E29F61B52613E91B00947455 /* DetailRow.swift */ = {isa = PBXFileReference; lastKnownFileType = sourcecode.swift; path = DetailRow.swift; sourceTree = "<group>"; };
		E29F61B72613EBF900947455 /* Site+Mock.swift */ = {isa = PBXFileReference; lastKnownFileType = sourcecode.swift; path = "Site+Mock.swift"; sourceTree = "<group>"; };
		E2A00001304400000000A000 /* AuthorizationProvider.swift */ = {isa = PBXFileReference; lastKnownFileType = sourcecode.swift; path = AuthorizationProvider.swift; sourceTree = "<group>"; };
		E2A00001304400000000B000 /* OAuthAuthorizationProvider.swift */ = {isa = PBXFileReference; lastKnownFileType = sourcecode.swift; path = OAuthAuthorizationProvider.swift; sourceTree = "<group>"; };
		E2A00001304400000000C000 /* BearerCredential.swift */ = {isa = PBXFileReference; lastKnownFileType = sourcecode.swift; path = BearerCredential.swift; sourceTree = "<group>"; };
		E2A3C4292F90974200EC3DDD /* OpenEnum.swift */ = {isa = PBXFileReference; lastKnownFileType = sourcecode.swift; path = OpenEnum.swift; sourceTree = "<group>"; };
		E2A3C6C32F98BC1600EC3DDD /* Keychain.swift */ = {isa = PBXFileReference; lastKnownFileType = sourcecode.swift; path = Keychain.swift; sourceTree = "<group>"; };
		E2A3C7162F99F52000EC3DDD /* BFWFetchCognito.framework */ = {isa = PBXFileReference; explicitFileType = wrapper.framework; includeInIndex = 0; path = BFWFetchCognito.framework; sourceTree = BUILT_PRODUCTS_DIR; };
		E2A3D0012F99AA0100EC3DDD /* CredentialStore.swift */ = {isa = PBXFileReference; lastKnownFileType = sourcecode.swift; path = CredentialStore.swift; sourceTree = "<group>"; };
		E2A3D0032F99AA0100EC3DDD /* CredentialProviding.swift */ = {isa = PBXFileReference; lastKnownFileType = sourcecode.swift; path = CredentialProviding.swift; sourceTree = "<group>"; };
		E2A3D10A2F9A000100EC3DDD /* OAuth.PKCE.swift */ = {isa = PBXFileReference; lastKnownFileType = sourcecode.swift; path = OAuth.PKCE.swift; sourceTree = "<group>"; };
		E2A3D11A2F9A000100EC3DDE /* OAuth.Client.swift */ = {isa = PBXFileReference; lastKnownFileType = sourcecode.swift; path = OAuth.Client.swift; sourceTree = "<group>"; };
		E2A5484C2C51CD6A00A037FD /* URLResponse.Error.swift */ = {isa = PBXFileReference; lastKnownFileType = sourcecode.swift; path = URLResponse.Error.swift; sourceTree = "<group>"; };
		E2A55E8D21AAD3A500812DC6 /* BFWFetch.framework */ = {isa = PBXFileReference; explicitFileType = wrapper.framework; includeInIndex = 0; path = BFWFetch.framework; sourceTree = BUILT_PRODUCTS_DIR; };
		E2A55E9121AAD3A500812DC6 /* Info.plist */ = {isa = PBXFileReference; lastKnownFileType = text.plist.xml; path = Info.plist; sourceTree = "<group>"; };
		E2A55EAF21AAD48D00812DC6 /* URLRequest+Body.swift */ = {isa = PBXFileReference; fileEncoding = 4; lastKnownFileType = sourcecode.swift; path = "URLRequest+Body.swift"; sourceTree = "<group>"; };
		E2A55EBE21AAD64600812DC6 /* URLComponents+queryItems.swift */ = {isa = PBXFileReference; lastKnownFileType = sourcecode.swift; path = "URLComponents+queryItems.swift"; sourceTree = "<group>"; };
		E2BF239E2BFDBE010016EBC1 /* DecoderProvider.swift */ = {isa = PBXFileReference; lastKnownFileType = sourcecode.swift; path = DecoderProvider.swift; sourceTree = "<group>"; };
		E2BF23A02BFE01720016EBC1 /* API.Response.swift */ = {isa = PBXFileReference; lastKnownFileType = sourcecode.swift; path = API.Response.swift; sourceTree = "<group>"; };
		E2C884242E6975D400484B0E /* Array+Appending.swift */ = {isa = PBXFileReference; lastKnownFileType = sourcecode.swift; path = "Array+Appending.swift"; sourceTree = "<group>"; };
		E2C8842C2E6AA1DC00484B0E /* Collection+Empty.swift */ = {isa = PBXFileReference; lastKnownFileType = sourcecode.swift; path = "Collection+Empty.swift"; sourceTree = "<group>"; };
		E2D0019F261821E900318FD0 /* OpenWeatherScene.swift */ = {isa = PBXFileReference; lastKnownFileType = sourcecode.swift; path = OpenWeatherScene.swift; sourceTree = "<group>"; };
		E2D001A3261823AA00318FD0 /* API.Request.Weather.swift */ = {isa = PBXFileReference; lastKnownFileType = sourcecode.swift; path = API.Request.Weather.swift; sourceTree = "<group>"; };
		E2D001A52618252700318FD0 /* AsyncNavigationLink.swift */ = {isa = PBXFileReference; fileEncoding = 4; lastKnownFileType = sourcecode.swift; path = AsyncNavigationLink.swift; sourceTree = "<group>"; };
		E2D001A72618254200318FD0 /* CompressibleSpacer.swift */ = {isa = PBXFileReference; fileEncoding = 4; lastKnownFileType = sourcecode.swift; path = CompressibleSpacer.swift; sourceTree = "<group>"; };
		E2D001A92618270D00318FD0 /* WeatherScene.swift */ = {isa = PBXFileReference; lastKnownFileType = sourcecode.swift; path = WeatherScene.swift; sourceTree = "<group>"; };
		E2D001AB26182C3900318FD0 /* WeatherScene+View.swift */ = {isa = PBXFileReference; lastKnownFileType = sourcecode.swift; path = "WeatherScene+View.swift"; sourceTree = "<group>"; };
		E2D001AD261AF5F500318FD0 /* GroupScene+View.swift */ = {isa = PBXFileReference; lastKnownFileType = sourcecode.swift; path = "GroupScene+View.swift"; sourceTree = "<group>"; };
		E2D001B1261BCC5C00318FD0 /* System.swift */ = {isa = PBXFileReference; lastKnownFileType = sourcecode.swift; path = System.swift; sourceTree = "<group>"; };
		E2D001BA261C360600318FD0 /* SiteScene.swift */ = {isa = PBXFileReference; lastKnownFileType = sourcecode.swift; path = SiteScene.swift; sourceTree = "<group>"; };
		E2D001BC261D2A0900318FD0 /* API.Request.swift */ = {isa = PBXFileReference; lastKnownFileType = sourcecode.swift; path = API.Request.swift; sourceTree = "<group>"; };
		E2D829872C4DC44600463E10 /* URLFetched.swift */ = {isa = PBXFileReference; lastKnownFileType = sourcecode.swift; path = URLFetched.swift; sourceTree = "<group>"; };
		E2ED3DD92BB3C29800D26896 /* GraphQL.swift */ = {isa = PBXFileReference; lastKnownFileType = sourcecode.swift; path = GraphQL.swift; sourceTree = "<group>"; };
		E2F673622F5B8DA400ED80D4 /* SharedTask.swift */ = {isa = PBXFileReference; lastKnownFileType = sourcecode.swift; path = SharedTask.swift; sourceTree = "<group>"; };
/* End PBXFileReference section */

/* Begin PBXFileSystemSynchronizedRootGroup section */
		E29F35F12F4AB8F4001F6459 /* BFWFetchTests */ = {isa = PBXFileSystemSynchronizedRootGroup; explicitFileTypes = {}; explicitFolders = (); path = BFWFetchTests; sourceTree = "<group>"; };
		E2A3C7172F99F52000EC3DDD /* BFWFetchCognito */ = {isa = PBXFileSystemSynchronizedRootGroup; explicitFileTypes = {}; explicitFolders = (); path = "BFWFetchCognito"; sourceTree = "<group>"; };
/* End PBXFileSystemSynchronizedRootGroup section */

/* Begin PBXFrameworksBuildPhase section */
		E29168C422A2973D005D638E /* Frameworks */ = {
			isa = PBXFrameworksBuildPhase;
			buildActionMask = 2147483647;
			files = (
				E29168E122A29902005D638E /* BFWFetch.framework in Frameworks */,
			);
			runOnlyForDeploymentPostprocessing = 0;
		};
		E29F35ED2F4AB8F4001F6459 /* Frameworks */ = {
			isa = PBXFrameworksBuildPhase;
			buildActionMask = 2147483647;
			files = (
				E29F35F42F4AB8F4001F6459 /* BFWFetch.framework in Frameworks */,
			);
			runOnlyForDeploymentPostprocessing = 0;
		};
		E2A3C7132F99F52000EC3DDD /* Frameworks */ = {
			isa = PBXFrameworksBuildPhase;
			buildActionMask = 2147483647;
			files = (
				E2A3C72D2F99F9F200EC3DDD /* AWSCore in Frameworks */,
				E2A3C7242F99F71400EC3DDD /* BFWFetch.framework in Frameworks */,
				E2A3C72B2F99F9F200EC3DDD /* AWSCognitoIdentityProvider in Frameworks */,
			);
			runOnlyForDeploymentPostprocessing = 0;
		};
		E2A55E8A21AAD3A500812DC6 /* Frameworks */ = {
			isa = PBXFrameworksBuildPhase;
			buildActionMask = 2147483647;
			files = (
			);
			runOnlyForDeploymentPostprocessing = 0;
		};
/* End PBXFrameworksBuildPhase section */

/* Begin PBXGroup section */
		E24CE2B42E5702AF0086B30C /* View */ = {
			isa = PBXGroup;
			children = (
				E24CE2B52E5703160086B30C /* OAuthView.swift */,
				E24CE2B72E5703410086B30C /* WebView.swift */,
			);
			path = View;
			sourceTree = "<group>";
		};
		E29168C822A2973D005D638E /* BFWFetch-Demo */ = {
			isa = PBXGroup;
			children = (
				E29168D922A2974D005D638E /* Launch */,
				E29168DA22A2981A005D638E /* Modules */,
			);
			path = "BFWFetch-Demo";
			sourceTree = "<group>";
		};
		E29168D922A2974D005D638E /* Launch */ = {
			isa = PBXGroup;
			children = (
				E29168C922A2973D005D638E /* BFWFetchApp.swift */,
				E29168D022A29740005D638E /* Assets.xcassets */,
				E29168D522A29740005D638E /* Info.plist */,
				E29F61B22613DC7000947455 /* RootScene.swift */,
			);
			path = Launch;
			sourceTree = "<group>";
		};
		E29168DA22A2981A005D638E /* Modules */ = {
			isa = PBXGroup;
			children = (
				E291690022A38060005D638E /* Common */,
				E29168DB22A29827005D638E /* Weather */,
			);
			path = Modules;
			sourceTree = "<group>";
		};
		E29168DB22A29827005D638E /* Weather */ = {
			isa = PBXGroup;
			children = (
				E29168DC22A2982F005D638E /* View */,
				E29168E622A29918005D638E /* Model */,
				E29F61A92612CDE800947455 /* ViewModel */,
			);
			path = Weather;
			sourceTree = "<group>";
		};
		E29168DC22A2982F005D638E /* View */ = {
			isa = PBXGroup;
			children = (
				E2D001AD261AF5F500318FD0 /* GroupScene+View.swift */,
				E2D0019F261821E900318FD0 /* OpenWeatherScene.swift */,
				E29168DF22A298B1005D638E /* SitesScene+View.swift */,
				E291690722A38D2F005D638E /* SiteScene+View.swift */,
				E2D001AB26182C3900318FD0 /* WeatherScene+View.swift */,
			);
			path = View;
			sourceTree = "<group>";
		};
		E29168E622A29918005D638E /* Model */ = {
			isa = PBXGroup;
			children = (
				E29F61A72612CD3C00947455 /* API.Request.Group.swift */,
				E2D001BC261D2A0900318FD0 /* API.Request.swift */,
				E2D001A3261823AA00318FD0 /* API.Request.Weather.swift */,
				E2BF23A02BFE01720016EBC1 /* API.Response.swift */,
				E29F61B02613D6C800947455 /* API.swift */,
				E29168EF22A2A754005D638E /* Site.swift */,
				E29F61B72613EBF900947455 /* Site+Mock.swift */,
				E2D001B1261BCC5C00318FD0 /* System.swift */,
			);
			path = Model;
			sourceTree = "<group>";
		};
		E29168F722A2AF42005D638E /* Model */ = {
			isa = PBXGroup;
			children = (
				E2C884242E6975D400484B0E /* Array+Appending.swift */,
				E2A00001304400000000A000 /* AuthorizationProvider.swift */,
				E2A00001304400000000C000 /* BearerCredential.swift */,
				E216D01C2BB4F8C000BB5385 /* Bundle+Resource.swift */,
				E29F360C2F4BBD15001F6459 /* Codable+UserDefaults.swift */,
				E2C8842C2E6AA1DC00484B0E /* Collection+Empty.swift */,
				E29F619D2610442900947455 /* DateFormatter+Fetch.swift */,
				E2BF239E2BFDBE010016EBC1 /* DecoderProvider.swift */,
				C876F4FC459F4D7A8807D603 /* Deprecations.swift */,
				E265077D2E83BE8E008D1A01 /* Fetcher.swift */,
				E2ED3DD92BB3C29800D26896 /* GraphQL.swift */,
				AD3A008F2644484A93CC0D71 /* HTTP.swift */,
				E24CE2C32E5C22C40086B30C /* JSON.swift */,
				E29F61992610431400947455 /* JSONDecoder+Date.swift */,
				E2A3C6C32F98BC1600EC3DDD /* Keychain.swift */,
				E2A3D0032F99AA0100EC3DDD /* CredentialProviding.swift */,
				E2A3D0012F99AA0100EC3DDD /* CredentialStore.swift */,
				E29339312C46961300810E45 /* OAuth.swift */,
				E2A3D11A2F9A000100EC3DDE /* OAuth.Client.swift */,
				E2A3D10A2F9A000100EC3DDD /* OAuth.PKCE.swift */,
				E2A00001304400000000B000 /* OAuthAuthorizationProvider.swift */,
				E2A3C4292F90974200EC3DDD /* OpenEnum.swift */,
				E2F673622F5B8DA400ED80D4 /* SharedTask.swift */,
				E29F619F2610448000947455 /* String+SnakeCase.swift */,
				E29F61A126104BB900947455 /* URL+PathComponents.swift */,
				E24CE2B22E56F6E50086B30C /* URL+QueryItem.swift */,
				E2A55EBE21AAD64600812DC6 /* URLComponents+queryItems.swift */,
				E2D829872C4DC44600463E10 /* URLFetched.swift */,
				E2A55EAF21AAD48D00812DC6 /* URLRequest+Body.swift */,
				E29F61A226104BB900947455 /* URLRequest+Modifiers.swift */,
				E24ADC5E2BCE0DAB008779F5 /* URLRequest+Response.swift */,
				E2A5484C2C51CD6A00A037FD /* URLResponse.Error.swift */,
			);
			path = Model;
			sourceTree = "<group>";
		};
		E291690022A38060005D638E /* Common */ = {
			isa = PBXGroup;
			children = (
				E29F61B42613E90200947455 /* View */,
			);
			path = Common;
			sourceTree = "<group>";
		};
		E29F61A92612CDE800947455 /* ViewModel */ = {
			isa = PBXGroup;
			children = (
				E29F61AA2612CE0E00947455 /* GroupScene.swift */,
				E29F61AC2612E56F00947455 /* Site+ViewModel.swift */,
				E2D001BA261C360600318FD0 /* SiteScene.swift */,
				E25BA5142BB14B0800A4494D /* SitesScene.swift */,
				E2D001A92618270D00318FD0 /* WeatherScene.swift */,
			);
			path = ViewModel;
			sourceTree = "<group>";
		};
		E29F61B42613E90200947455 /* View */ = {
			isa = PBXGroup;
			children = (
				E25BA5122BB1488D00A4494D /* Alert+Error.swift */,
				E2D001A52618252700318FD0 /* AsyncNavigationLink.swift */,
				E2D001A72618254200318FD0 /* CompressibleSpacer.swift */,
				E29F61B52613E91B00947455 /* DetailRow.swift */,
				E25BA50D2BAD21E000A4494D /* Plan.swift */,
				E25BA5102BB10DDC00A4494D /* Plan.Cell+DetailRow.swift */,
			);
			path = View;
			sourceTree = "<group>";
		};
		E2A3C7232F99F71400EC3DDD /* Frameworks */ = {
			isa = PBXGroup;
			children = (
			);
			name = Frameworks;
			sourceTree = "<group>";
		};
		E2A55E8321AAD3A500812DC6 = {
			isa = PBXGroup;
			children = (
				E21575F32625CA9900EEA3B6 /* README.md */,
				E2A55E8F21AAD3A500812DC6 /* BFWFetch */,
				E29168C822A2973D005D638E /* BFWFetch-Demo */,
				E29F35F12F4AB8F4001F6459 /* BFWFetchTests */,
				E2A3C7172F99F52000EC3DDD /* BFWFetchCognito */,
				E2A3C7232F99F71400EC3DDD /* Frameworks */,
				E2A55E8E21AAD3A500812DC6 /* Products */,
			);
			sourceTree = "<group>";
		};
		E2A55E8E21AAD3A500812DC6 /* Products */ = {
			isa = PBXGroup;
			children = (
				E2A55E8D21AAD3A500812DC6 /* BFWFetch.framework */,
				E29168C722A2973D005D638E /* BFWFetch-Demo.app */,
				E29F35F02F4AB8F4001F6459 /* BFWFetchTests.xctest */,
				E2A3C7162F99F52000EC3DDD /* BFWFetchCognito.framework */,
			);
			name = Products;
			sourceTree = "<group>";
		};
		E2A55E8F21AAD3A500812DC6 /* BFWFetch */ = {
			isa = PBXGroup;
			children = (
				E2A55E9121AAD3A500812DC6 /* Info.plist */,
				E2A55E9F21AAD3C400812DC6 /* Modules */,
			);
			path = BFWFetch;
			sourceTree = "<group>";
		};
		E2A55E9F21AAD3C400812DC6 /* Modules */ = {
			isa = PBXGroup;
			children = (
				E2A55EAC21AAD48D00812DC6 /* Fetch */,
			);
			path = Modules;
			sourceTree = "<group>";
		};
		E2A55EAC21AAD48D00812DC6 /* Fetch */ = {
			isa = PBXGroup;
			children = (
				E24CE2B42E5702AF0086B30C /* View */,
				E29168F722A2AF42005D638E /* Model */,
			);
			path = Fetch;
			sourceTree = "<group>";
		};
/* End PBXGroup section */

/* Begin PBXHeadersBuildPhase section */
		E2A3C7112F99F52000EC3DDD /* Headers */ = {
			isa = PBXHeadersBuildPhase;
			buildActionMask = 2147483647;
			files = (
			);
			runOnlyForDeploymentPostprocessing = 0;
		};
		E2A55E8821AAD3A500812DC6 /* Headers */ = {
			isa = PBXHeadersBuildPhase;
			buildActionMask = 2147483647;
			files = (
			);
			runOnlyForDeploymentPostprocessing = 0;
		};
/* End PBXHeadersBuildPhase section */

/* Begin PBXNativeTarget section */
		E29168C622A2973D005D638E /* BFWFetch-Demo */ = {
			isa = PBXNativeTarget;
			buildConfigurationList = E29168D822A29740005D638E /* Build configuration list for PBXNativeTarget "BFWFetch-Demo" */;
			buildPhases = (
				E29168C322A2973D005D638E /* Sources */,
				E29168C422A2973D005D638E /* Frameworks */,
				E29168C522A2973D005D638E /* Resources */,
				E29168E522A29902005D638E /* Embed Frameworks */,
			);
			buildRules = (
			);
			dependencies = (
				E29168E422A29902005D638E /* PBXTargetDependency */,
			);
			name = "BFWFetch-Demo";
			productName = "BFWFetch-Demo";
			productReference = E29168C722A2973D005D638E /* BFWFetch-Demo.app */;
			productType = "com.apple.product-type.application";
		};
		E29F35EF2F4AB8F4001F6459 /* BFWFetchTests */ = {
			isa = PBXNativeTarget;
			buildConfigurationList = E29F35F72F4AB8F4001F6459 /* Build configuration list for PBXNativeTarget "BFWFetchTests" */;
			buildPhases = (
				E29F35EC2F4AB8F4001F6459 /* Sources */,
				E29F35ED2F4AB8F4001F6459 /* Frameworks */,
				E29F35EE2F4AB8F4001F6459 /* Resources */,
			);
			buildRules = (
			);
			dependencies = (
				E29F35F62F4AB8F4001F6459 /* PBXTargetDependency */,
			);
			fileSystemSynchronizedGroups = (
				E29F35F12F4AB8F4001F6459 /* BFWFetchTests */,
			);
			name = BFWFetchTests;
			packageProductDependencies = (
			);
			productName = BFWFetchTests;
			productReference = E29F35F02F4AB8F4001F6459 /* BFWFetchTests.xctest */;
			productType = "com.apple.product-type.bundle.unit-test";
		};
		E2A3C7152F99F52000EC3DDD /* BFWFetchCognito */ = {
			isa = PBXNativeTarget;
			buildConfigurationList = E2A3C71E2F99F52000EC3DDD /* Build configuration list for PBXNativeTarget "BFWFetchCognito" */;
			buildPhases = (
				E2A3C7112F99F52000EC3DDD /* Headers */,
				E2A3C7122F99F52000EC3DDD /* Sources */,
				E2A3C7132F99F52000EC3DDD /* Frameworks */,
				E2A3C7142F99F52000EC3DDD /* Resources */,
				E2A3C7282F99F71400EC3DDD /* Embed Frameworks */,
			);
			buildRules = (
			);
			dependencies = (
				E2A3C7272F99F71400EC3DDD /* PBXTargetDependency */,
			);
			fileSystemSynchronizedGroups = (
				E2A3C7172F99F52000EC3DDD /* BFWFetchCognito */,
			);
			name = "BFWFetchCognito";
			packageProductDependencies = (
				E2A3C72A2F99F9F200EC3DDD /* AWSCognitoIdentityProvider */,
				E2A3C72C2F99F9F200EC3DDD /* AWSCore */,
			);
			productName = "BFWFetchCognito";
			productReference = E2A3C7162F99F52000EC3DDD /* BFWFetchCognito.framework */;
			productType = "com.apple.product-type.framework";
		};
		E2A55E8C21AAD3A500812DC6 /* BFWFetch */ = {
			isa = PBXNativeTarget;
			buildConfigurationList = E2A55E9521AAD3A500812DC6 /* Build configuration list for PBXNativeTarget "BFWFetch" */;
			buildPhases = (
				E2A55E8821AAD3A500812DC6 /* Headers */,
				E2A55E8921AAD3A500812DC6 /* Sources */,
				E2A55E8A21AAD3A500812DC6 /* Frameworks */,
				E2A55E8B21AAD3A500812DC6 /* Resources */,
			);
			buildRules = (
			);
			dependencies = (
			);
			name = BFWFetch;
			productName = BFWFetch;
			productReference = E2A55E8D21AAD3A500812DC6 /* BFWFetch.framework */;
			productType = "com.apple.product-type.framework";
		};
/* End PBXNativeTarget section */

/* Begin PBXProject section */
		E2A55E8421AAD3A500812DC6 /* Project object */ = {
			isa = PBXProject;
			attributes = {
				BuildIndependentTargetsInParallel = YES;
				LastSwiftUpdateCheck = 2640;
				LastUpgradeCheck = 2600;
				ORGANIZATIONNAME = BareFeetWare;
				TargetAttributes = {
					E29168C622A2973D005D638E = {
						CreatedOnToolsVersion = 10.2.1;
					};
					E29F35EF2F4AB8F4001F6459 = {
						CreatedOnToolsVersion = 26.3;
					};
					E2A3C7152F99F52000EC3DDD = {
						CreatedOnToolsVersion = 26.4;
					};
					E2A55E8C21AAD3A500812DC6 = {
						CreatedOnToolsVersion = 10.1;
						LastSwiftMigration = 1020;
					};
				};
			};
			buildConfigurationList = E2A55E8721AAD3A500812DC6 /* Build configuration list for PBXProject "BFWFetch" */;
			compatibilityVersion = "Xcode 9.3";
			developmentRegion = en;
			hasScannedForEncodings = 0;
			knownRegions = (
				en,
				Base,
			);
			mainGroup = E2A55E8321AAD3A500812DC6;
			packageReferences = (
				E2A3C7292F99F9F200EC3DDD /* XCRemoteSwiftPackageReference "aws-sdk-ios-spm" */,
			);
			productRefGroup = E2A55E8E21AAD3A500812DC6 /* Products */;
			projectDirPath = "";
			projectRoot = "";
			targets = (
				E2A55E8C21AAD3A500812DC6 /* BFWFetch */,
				E2A3C7152F99F52000EC3DDD /* BFWFetchCognito */,
				E29168C622A2973D005D638E /* BFWFetch-Demo */,
				E29F35EF2F4AB8F4001F6459 /* BFWFetchTests */,
			);
		};
/* End PBXProject section */

/* Begin PBXResourcesBuildPhase section */
		E29168C522A2973D005D638E /* Resources */ = {
			isa = PBXResourcesBuildPhase;
			buildActionMask = 2147483647;
			files = (
				E29168D122A29740005D638E /* Assets.xcassets in Resources */,
			);
			runOnlyForDeploymentPostprocessing = 0;
		};
		E29F35EE2F4AB8F4001F6459 /* Resources */ = {
			isa = PBXResourcesBuildPhase;
			buildActionMask = 2147483647;
			files = (
			);
			runOnlyForDeploymentPostprocessing = 0;
		};
		E2A3C7142F99F52000EC3DDD /* Resources */ = {
			isa = PBXResourcesBuildPhase;
			buildActionMask = 2147483647;
			files = (
			);
			runOnlyForDeploymentPostprocessing = 0;
		};
		E2A55E8B21AAD3A500812DC6 /* Resources */ = {
			isa = PBXResourcesBuildPhase;
			buildActionMask = 2147483647;
			files = (
			);
			runOnlyForDeploymentPostprocessing = 0;
		};
/* End PBXResourcesBuildPhase section */

/* Begin PBXSourcesBuildPhase section */
		E29168C322A2973D005D638E /* Sources */ = {
			isa = PBXSourcesBuildPhase;
			buildActionMask = 2147483647;
			files = (
				E29F61B82613EBF900947455 /* Site+Mock.swift in Sources */,
				E2D001AC26182C3900318FD0 /* WeatherScene+View.swift in Sources */,
				E2D001AE261AF5F500318FD0 /* GroupScene+View.swift in Sources */,
				E25BA5152BB14B0800A4494D /* SitesScene.swift in Sources */,
				E2D001B2261BCC5C00318FD0 /* System.swift in Sources */,
				E2BF23A12BFE01720016EBC1 /* API.Response.swift in Sources */,
				E2D001A0261821E900318FD0 /* OpenWeatherScene.swift in Sources */,
				E29F61B62613E91B00947455 /* DetailRow.swift in Sources */,
				E29F61A82612CD3C00947455 /* API.Request.Group.swift in Sources */,
				E29168E022A298B1005D638E /* SitesScene+View.swift in Sources */,
				E25BA50E2BAD21E000A4494D /* Plan.swift in Sources */,
				E25BA5112BB10DDC00A4494D /* Plan.Cell+DetailRow.swift in Sources */,
				E29F61B12613D6C800947455 /* API.swift in Sources */,
				E2D001BB261C360600318FD0 /* SiteScene.swift in Sources */,
				E2D001A4261823AA00318FD0 /* API.Request.Weather.swift in Sources */,
				E2D001BD261D2A0900318FD0 /* API.Request.swift in Sources */,
				E29168CA22A2973D005D638E /* BFWFetchApp.swift in Sources */,
				E29F61AD2612E56F00947455 /* Site+ViewModel.swift in Sources */,
				E291690822A38D2F005D638E /* SiteScene+View.swift in Sources */,
				E2D001AA2618270D00318FD0 /* WeatherScene.swift in Sources */,
				E2D001A82618254200318FD0 /* CompressibleSpacer.swift in Sources */,
				E2D001A62618252700318FD0 /* AsyncNavigationLink.swift in Sources */,
				E29168F022A2A754005D638E /* Site.swift in Sources */,
				E29F61B32613DC7000947455 /* RootScene.swift in Sources */,
				E29F61AB2612CE0E00947455 /* GroupScene.swift in Sources */,
				E25BA5132BB1488D00A4494D /* Alert+Error.swift in Sources */,
			);
			runOnlyForDeploymentPostprocessing = 0;
		};
		E29F35EC2F4AB8F4001F6459 /* Sources */ = {
			isa = PBXSourcesBuildPhase;
			buildActionMask = 2147483647;
			files = (
			);
			runOnlyForDeploymentPostprocessing = 0;
		};
		E2A3C7122F99F52000EC3DDD /* Sources */ = {
			isa = PBXSourcesBuildPhase;
			buildActionMask = 2147483647;
			files = (
			);
			runOnlyForDeploymentPostprocessing = 0;
		};
		E2A55E8921AAD3A500812DC6 /* Sources */ = {
			isa = PBXSourcesBuildPhase;
			buildActionMask = 2147483647;
			files = (
				E29F61A02610448000947455 /* String+SnakeCase.swift in Sources */,
				E29F61A426104BB900947455 /* URL+PathComponents.swift in Sources */,
				E2BF239F2BFDBE010016EBC1 /* DecoderProvider.swift in Sources */,
				E29F619A2610431400947455 /* JSONDecoder+Date.swift in Sources */,
				E29F619E2610442900947455 /* DateFormatter+Fetch.swift in Sources */,
				E2A00001304400000000A001 /* AuthorizationProvider.swift in Sources */,
				E2A00001304400000000B001 /* OAuthAuthorizationProvider.swift in Sources */,
				E2A00001304400000000C001 /* BearerCredential.swift in Sources */,
				E2C884252E6975DE00484B0E /* Array+Appending.swift in Sources */,
				E24CE2B32E56F6F10086B30C /* URL+QueryItem.swift in Sources */,
				E2C8842D2E6AA1E200484B0E /* Collection+Empty.swift in Sources */,
				E24CE2B62E5703180086B30C /* OAuthView.swift in Sources */,
				E216D01D2BB4F8C000BB5385 /* Bundle+Resource.swift in Sources */,
				E2A55EB521AAD48E00812DC6 /* URLRequest+Body.swift in Sources */,
				E24ADC5F2BCE0DAB008779F5 /* URLRequest+Response.swift in Sources */,
				E2F673632F5B8DA400ED80D4 /* SharedTask.swift in Sources */,
				E2A5484D2C51CD6A00A037FD /* URLResponse.Error.swift in Sources */,
				E24CE2B82E5703440086B30C /* WebView.swift in Sources */,
				E29F360D2F4BBD15001F6459 /* Codable+UserDefaults.swift in Sources */,
				E2A3C42A2F90974200EC3DDD /* OpenEnum.swift in Sources */,
				E265077E2E83BE91008D1A01 /* Fetcher.swift in Sources */,
				E29339322C46961300810E45 /* OAuth.swift in Sources */,
				E29F61A526104BB900947455 /* URLRequest+Modifiers.swift in Sources */,
				E2ED3DDA2BB3C29800D26896 /* GraphQL.swift in Sources */,
				E24CE2C42E5C22CB0086B30C /* JSON.swift in Sources */,
				E2A55EBF21AAD8E200812DC6 /* URLComponents+queryItems.swift in Sources */,
				E2D829882C4DC44B00463E10 /* URLFetched.swift in Sources */,
				8AE7F2E1663A417C97CDA7E0 /* HTTP.swift in Sources */,
				A34BF8396B39482092A48EF4 /* Deprecations.swift in Sources */,
				E2A3C6C42F98BC1600EC3DDD /* Keychain.swift in Sources */,
				E2A3D0042F99AA0100EC3DDD /* CredentialProviding.swift in Sources */,
				E2A3D0022F99AA0100EC3DDD /* CredentialStore.swift in Sources */,
				E2A3D10B2F9A000100EC3DDD /* OAuth.PKCE.swift in Sources */,
				E2A3D11B2F9A000100EC3DDE /* OAuth.Client.swift in Sources */,
			);
			runOnlyForDeploymentPostprocessing = 0;
		};
/* End PBXSourcesBuildPhase section */

/* Begin PBXTargetDependency section */
		E29168E422A29902005D638E /* PBXTargetDependency */ = {
			isa = PBXTargetDependency;
			target = E2A55E8C21AAD3A500812DC6 /* BFWFetch */;
			targetProxy = E29168E322A29902005D638E /* PBXContainerItemProxy */;
		};
		E29F35F62F4AB8F4001F6459 /* PBXTargetDependency */ = {
			isa = PBXTargetDependency;
			target = E2A55E8C21AAD3A500812DC6 /* BFWFetch */;
			targetProxy = E29F35F52F4AB8F4001F6459 /* PBXContainerItemProxy */;
		};
		E2A3C7272F99F71400EC3DDD /* PBXTargetDependency */ = {
			isa = PBXTargetDependency;
			target = E2A55E8C21AAD3A500812DC6 /* BFWFetch */;
			targetProxy = E2A3C7262F99F71400EC3DDD /* PBXContainerItemProxy */;
		};
/* End PBXTargetDependency section */

/* Begin XCBuildConfiguration section */
		E29168D622A29740005D638E /* Debug */ = {
			isa = XCBuildConfiguration;
			buildSettings = {
				ASSETCATALOG_COMPILER_APPICON_NAME = AppIcon;
				CODE_SIGN_STYLE = Automatic;
				CURRENT_PROJECT_VERSION = 3;
				INFOPLIST_FILE = "$(SRCROOT)/BFWFetch-Demo/Launch/Info.plist";
				IPHONEOS_DEPLOYMENT_TARGET = 14.1;
				LD_RUNPATH_SEARCH_PATHS = (
					"$(inherited)",
					"@executable_path/Frameworks",
				);
				MARKETING_VERSION = 3.0;
				PRODUCT_BUNDLE_IDENTIFIER = "com.barefeetware.BFWFetch-Demo";
				PRODUCT_NAME = "$(TARGET_NAME)";
				SWIFT_VERSION = 5.0;
				TARGETED_DEVICE_FAMILY = "1,2";
			};
			name = Debug;
		};
		E29168D722A29740005D638E /* Release */ = {
			isa = XCBuildConfiguration;
			buildSettings = {
				ASSETCATALOG_COMPILER_APPICON_NAME = AppIcon;
				CODE_SIGN_STYLE = Automatic;
				CURRENT_PROJECT_VERSION = 3;
				INFOPLIST_FILE = "$(SRCROOT)/BFWFetch-Demo/Launch/Info.plist";
				IPHONEOS_DEPLOYMENT_TARGET = 14.1;
				LD_RUNPATH_SEARCH_PATHS = (
					"$(inherited)",
					"@executable_path/Frameworks",
				);
				MARKETING_VERSION = 3.0;
				PRODUCT_BUNDLE_IDENTIFIER = "com.barefeetware.BFWFetch-Demo";
				PRODUCT_NAME = "$(TARGET_NAME)";
				SWIFT_VERSION = 5.0;
				TARGETED_DEVICE_FAMILY = "1,2";
			};
			name = Release;
		};
		E29F35F82F4AB8F4001F6459 /* Debug */ = {
			isa = XCBuildConfiguration;
			buildSettings = {
				ASSETCATALOG_COMPILER_GENERATE_SWIFT_ASSET_SYMBOL_EXTENSIONS = YES;
				CLANG_CXX_LANGUAGE_STANDARD = "gnu++20";
				CODE_SIGN_STYLE = Automatic;
				CURRENT_PROJECT_VERSION = 1;
				GCC_C_LANGUAGE_STANDARD = gnu17;
				GENERATE_INFOPLIST_FILE = YES;
				IPHONEOS_DEPLOYMENT_TARGET = 26.2;
				LOCALIZATION_PREFERS_STRING_CATALOGS = YES;
				MARKETING_VERSION = 1.0;
				PRODUCT_BUNDLE_IDENTIFIER = com.barefeetware.BFWFetchTests;
				PRODUCT_NAME = "$(TARGET_NAME)";
				STRING_CATALOG_GENERATE_SYMBOLS = NO;
				SWIFT_ACTIVE_COMPILATION_CONDITIONS = "DEBUG $(inherited)";
				SWIFT_APPROACHABLE_CONCURRENCY = YES;
				SWIFT_EMIT_LOC_STRINGS = NO;
				SWIFT_UPCOMING_FEATURE_MEMBER_IMPORT_VISIBILITY = YES;
				SWIFT_VERSION = 5.0;
				TARGETED_DEVICE_FAMILY = "1,2";
			};
			name = Debug;
		};
		E29F35F92F4AB8F4001F6459 /* Release */ = {
			isa = XCBuildConfiguration;
			buildSettings = {
				ASSETCATALOG_COMPILER_GENERATE_SWIFT_ASSET_SYMBOL_EXTENSIONS = YES;
				CLANG_CXX_LANGUAGE_STANDARD = "gnu++20";
				CODE_SIGN_STYLE = Automatic;
				CURRENT_PROJECT_VERSION = 1;
				GCC_C_LANGUAGE_STANDARD = gnu17;
				GENERATE_INFOPLIST_FILE = YES;
				IPHONEOS_DEPLOYMENT_TARGET = 26.2;
				LOCALIZATION_PREFERS_STRING_CATALOGS = YES;
				MARKETING_VERSION = 1.0;
				PRODUCT_BUNDLE_IDENTIFIER = com.barefeetware.BFWFetchTests;
				PRODUCT_NAME = "$(TARGET_NAME)";
				STRING_CATALOG_GENERATE_SYMBOLS = NO;
				SWIFT_APPROACHABLE_CONCURRENCY = YES;
				SWIFT_EMIT_LOC_STRINGS = NO;
				SWIFT_UPCOMING_FEATURE_MEMBER_IMPORT_VISIBILITY = YES;
				SWIFT_VERSION = 5.0;
				TARGETED_DEVICE_FAMILY = "1,2";
			};
			name = Release;
		};
		E2A3C71C2F99F52000EC3DDD /* Debug */ = {
			isa = XCBuildConfiguration;
			buildSettings = {
				ASSETCATALOG_COMPILER_GENERATE_SWIFT_ASSET_SYMBOL_EXTENSIONS = YES;
				BUILD_LIBRARY_FOR_DISTRIBUTION = YES;
				CLANG_CXX_LANGUAGE_STANDARD = "gnu++20";
				CODE_SIGN_STYLE = Automatic;
				CURRENT_PROJECT_VERSION = 1;
				DEVELOPMENT_TEAM = 2X3652T48P;
				DYLIB_COMPATIBILITY_VERSION = 1;
				DYLIB_CURRENT_VERSION = 1;
				DYLIB_INSTALL_NAME_BASE = "@rpath";
				ENABLE_MODULE_VERIFIER = YES;
				GCC_C_LANGUAGE_STANDARD = gnu17;
				GENERATE_INFOPLIST_FILE = YES;
				INFOPLIST_KEY_NSHumanReadableCopyright = "Copyright © 2026 BareFeetWare. All rights reserved.";
				INSTALL_PATH = "$(LOCAL_LIBRARY_DIR)/Frameworks";
				IPHONEOS_DEPLOYMENT_TARGET = 15.6;
				LD_RUNPATH_SEARCH_PATHS = (
					"$(inherited)",
					"@executable_path/Frameworks",
					"@loader_path/Frameworks",
				);
				LOCALIZATION_PREFERS_STRING_CATALOGS = YES;
				MARKETING_VERSION = 1.0;
				MODULE_VERIFIER_SUPPORTED_LANGUAGES = "objective-c objective-c++";
				MODULE_VERIFIER_SUPPORTED_LANGUAGE_STANDARDS = "gnu17 gnu++20";
				PRODUCT_BUNDLE_IDENTIFIER = "com.barefeetware.BFWFetchCognito";
				PRODUCT_NAME = "$(TARGET_NAME:c99extidentifier)";
				SKIP_INSTALL = YES;
				STRING_CATALOG_GENERATE_SYMBOLS = YES;
				SWIFT_ACTIVE_COMPILATION_CONDITIONS = "DEBUG $(inherited)";
				SWIFT_APPROACHABLE_CONCURRENCY = YES;
				SWIFT_EMIT_LOC_STRINGS = YES;
				SWIFT_INSTALL_MODULE = YES;
				SWIFT_INSTALL_OBJC_HEADER = NO;
				SWIFT_UPCOMING_FEATURE_MEMBER_IMPORT_VISIBILITY = YES;
				SWIFT_VERSION = 5.0;
				TARGETED_DEVICE_FAMILY = "1,2";
			};
			name = Debug;
		};
		E2A3C71D2F99F52000EC3DDD /* Release */ = {
			isa = XCBuildConfiguration;
			buildSettings = {
				ASSETCATALOG_COMPILER_GENERATE_SWIFT_ASSET_SYMBOL_EXTENSIONS = YES;
				BUILD_LIBRARY_FOR_DISTRIBUTION = YES;
				CLANG_CXX_LANGUAGE_STANDARD = "gnu++20";
				CODE_SIGN_STYLE = Automatic;
				CURRENT_PROJECT_VERSION = 1;
				DEVELOPMENT_TEAM = 2X3652T48P;
				DYLIB_COMPATIBILITY_VERSION = 1;
				DYLIB_CURRENT_VERSION = 1;
				DYLIB_INSTALL_NAME_BASE = "@rpath";
				ENABLE_MODULE_VERIFIER = YES;
				GCC_C_LANGUAGE_STANDARD = gnu17;
				GENERATE_INFOPLIST_FILE = YES;
				INFOPLIST_KEY_NSHumanReadableCopyright = "Copyright © 2026 BareFeetWare. All rights reserved.";
				INSTALL_PATH = "$(LOCAL_LIBRARY_DIR)/Frameworks";
				IPHONEOS_DEPLOYMENT_TARGET = 15.6;
				LD_RUNPATH_SEARCH_PATHS = (
					"$(inherited)",
					"@executable_path/Frameworks",
					"@loader_path/Frameworks",
				);
				LOCALIZATION_PREFERS_STRING_CATALOGS = YES;
				MARKETING_VERSION = 1.0;
				MODULE_VERIFIER_SUPPORTED_LANGUAGES = "objective-c objective-c++";
				MODULE_VERIFIER_SUPPORTED_LANGUAGE_STANDARDS = "gnu17 gnu++20";
				PRODUCT_BUNDLE_IDENTIFIER = "com.barefeetware.BFWFetchCognito";
				PRODUCT_NAME = "$(TARGET_NAME:c99extidentifier)";
				SKIP_INSTALL = YES;
				STRING_CATALOG_GENERATE_SYMBOLS = YES;
				SWIFT_APPROACHABLE_CONCURRENCY = YES;
				SWIFT_EMIT_LOC_STRINGS = YES;
				SWIFT_INSTALL_MODULE = YES;
				SWIFT_INSTALL_OBJC_HEADER = NO;
				SWIFT_UPCOMING_FEATURE_MEMBER_IMPORT_VISIBILITY = YES;
				SWIFT_VERSION = 5.0;
				TARGETED_DEVICE_FAMILY = "1,2";
			};
			name = Release;
		};
		E2A55E9321AAD3A500812DC6 /* Debug */ = {
			isa = XCBuildConfiguration;
			buildSettings = {
				ALWAYS_SEARCH_USER_PATHS = NO;
				CLANG_ANALYZER_NONNULL = YES;
				CLANG_ANALYZER_NUMBER_OBJECT_CONVERSION = YES_AGGRESSIVE;
				CLANG_CXX_LANGUAGE_STANDARD = "gnu++14";
				CLANG_CXX_LIBRARY = "libc++";
				CLANG_ENABLE_MODULES = YES;
				CLANG_ENABLE_OBJC_ARC = YES;
				CLANG_ENABLE_OBJC_WEAK = YES;
				CLANG_WARN_BLOCK_CAPTURE_AUTORELEASING = YES;
				CLANG_WARN_BOOL_CONVERSION = YES;
				CLANG_WARN_COMMA = YES;
				CLANG_WARN_CONSTANT_CONVERSION = YES;
				CLANG_WARN_DEPRECATED_OBJC_IMPLEMENTATIONS = YES;
				CLANG_WARN_DIRECT_OBJC_ISA_USAGE = YES_ERROR;
				CLANG_WARN_DOCUMENTATION_COMMENTS = YES;
				CLANG_WARN_EMPTY_BODY = YES;
				CLANG_WARN_ENUM_CONVERSION = YES;
				CLANG_WARN_INFINITE_RECURSION = YES;
				CLANG_WARN_INT_CONVERSION = YES;
				CLANG_WARN_NON_LITERAL_NULL_CONVERSION = YES;
				CLANG_WARN_OBJC_IMPLICIT_RETAIN_SELF = YES;
				CLANG_WARN_OBJC_LITERAL_CONVERSION = YES;
				CLANG_WARN_OBJC_ROOT_CLASS = YES_ERROR;
				CLANG_WARN_QUOTED_INCLUDE_IN_FRAMEWORK_HEADER = YES;
				CLANG_WARN_RANGE_LOOP_ANALYSIS = YES;
				CLANG_WARN_STRICT_PROTOTYPES = YES;
				CLANG_WARN_SUSPICIOUS_MOVE = YES;
				CLANG_WARN_UNGUARDED_AVAILABILITY = YES_AGGRESSIVE;
				CLANG_WARN_UNREACHABLE_CODE = YES;
				CLANG_WARN__DUPLICATE_METHOD_MATCH = YES;
				CODE_SIGN_IDENTITY = "iPhone Developer";
				COPY_PHASE_STRIP = NO;
				CURRENT_PROJECT_VERSION = 1;
				DEBUG_INFORMATION_FORMAT = dwarf;
				ENABLE_STRICT_OBJC_MSGSEND = YES;
				ENABLE_TESTABILITY = YES;
				ENABLE_USER_SCRIPT_SANDBOXING = YES;
				GCC_C_LANGUAGE_STANDARD = gnu11;
				GCC_DYNAMIC_NO_PIC = NO;
				GCC_NO_COMMON_BLOCKS = YES;
				GCC_OPTIMIZATION_LEVEL = 0;
				GCC_PREPROCESSOR_DEFINITIONS = (
					"DEBUG=1",
					"$(inherited)",
				);
				GCC_WARN_64_TO_32_BIT_CONVERSION = YES;
				GCC_WARN_ABOUT_RETURN_TYPE = YES_ERROR;
				GCC_WARN_UNDECLARED_SELECTOR = YES;
				GCC_WARN_UNINITIALIZED_AUTOS = YES_AGGRESSIVE;
				GCC_WARN_UNUSED_FUNCTION = YES;
				GCC_WARN_UNUSED_VARIABLE = YES;
				IPHONEOS_DEPLOYMENT_TARGET = 13.0;
				MTL_ENABLE_DEBUG_INFO = INCLUDE_SOURCE;
				MTL_FAST_MATH = YES;
				ONLY_ACTIVE_ARCH = YES;
				SDKROOT = iphoneos;
				STRING_CATALOG_GENERATE_SYMBOLS = YES;
				SWIFT_ACTIVE_COMPILATION_CONDITIONS = DEBUG;
				SWIFT_OPTIMIZATION_LEVEL = "-Onone";
				VERSIONING_SYSTEM = "apple-generic";
				VERSION_INFO_PREFIX = "";
			};
			name = Debug;
		};
		E2A55E9421AAD3A500812DC6 /* Release */ = {
			isa = XCBuildConfiguration;
			buildSettings = {
				ALWAYS_SEARCH_USER_PATHS = NO;
				CLANG_ANALYZER_NONNULL = YES;
				CLANG_ANALYZER_NUMBER_OBJECT_CONVERSION = YES_AGGRESSIVE;
				CLANG_CXX_LANGUAGE_STANDARD = "gnu++14";
				CLANG_CXX_LIBRARY = "libc++";
				CLANG_ENABLE_MODULES = YES;
				CLANG_ENABLE_OBJC_ARC = YES;
				CLANG_ENABLE_OBJC_WEAK = YES;
				CLANG_WARN_BLOCK_CAPTURE_AUTORELEASING = YES;
				CLANG_WARN_BOOL_CONVERSION = YES;
				CLANG_WARN_COMMA = YES;
				CLANG_WARN_CONSTANT_CONVERSION = YES;
				CLANG_WARN_DEPRECATED_OBJC_IMPLEMENTATIONS = YES;
				CLANG_WARN_DIRECT_OBJC_ISA_USAGE = YES_ERROR;
				CLANG_WARN_DOCUMENTATION_COMMENTS = YES;
				CLANG_WARN_EMPTY_BODY = YES;
				CLANG_WARN_ENUM_CONVERSION = YES;
				CLANG_WARN_INFINITE_RECURSION = YES;
				CLANG_WARN_INT_CONVERSION = YES;
				CLANG_WARN_NON_LITERAL_NULL_CONVERSION = YES;
				CLANG_WARN_OBJC_IMPLICIT_RETAIN_SELF = YES;
				CLANG_WARN_OBJC_LITERAL_CONVERSION = YES;
				CLANG_WARN_OBJC_ROOT_CLASS = YES_ERROR;
				CLANG_WARN_QUOTED_INCLUDE_IN_FRAMEWORK_HEADER = YES;
				CLANG_WARN_RANGE_LOOP_ANALYSIS = YES;
				CLANG_WARN_STRICT_PROTOTYPES = YES;
				CLANG_WARN_SUSPICIOUS_MOVE = YES;
				CLANG_WARN_UNGUARDED_AVAILABILITY = YES_AGGRESSIVE;
				CLANG_WARN_UNREACHABLE_CODE = YES;
				CLANG_WARN__DUPLICATE_METHOD_MATCH = YES;
				CODE_SIGN_IDENTITY = "iPhone Developer";
				COPY_PHASE_STRIP = NO;
				CURRENT_PROJECT_VERSION = 1;
				DEBUG_INFORMATION_FORMAT = "dwarf-with-dsym";
				ENABLE_NS_ASSERTIONS = NO;
				ENABLE_STRICT_OBJC_MSGSEND = YES;
				ENABLE_USER_SCRIPT_SANDBOXING = YES;
				GCC_C_LANGUAGE_STANDARD = gnu11;
				GCC_NO_COMMON_BLOCKS = YES;
				GCC_WARN_64_TO_32_BIT_CONVERSION = YES;
				GCC_WARN_ABOUT_RETURN_TYPE = YES_ERROR;
				GCC_WARN_UNDECLARED_SELECTOR = YES;
				GCC_WARN_UNINITIALIZED_AUTOS = YES_AGGRESSIVE;
				GCC_WARN_UNUSED_FUNCTION = YES;
				GCC_WARN_UNUSED_VARIABLE = YES;
				IPHONEOS_DEPLOYMENT_TARGET = 13.0;
				MTL_ENABLE_DEBUG_INFO = NO;
				MTL_FAST_MATH = YES;
				SDKROOT = iphoneos;
				STRING_CATALOG_GENERATE_SYMBOLS = YES;
				SWIFT_COMPILATION_MODE = wholemodule;
				SWIFT_OPTIMIZATION_LEVEL = "-O";
				VALIDATE_PRODUCT = YES;
				VERSIONING_SYSTEM = "apple-generic";
				VERSION_INFO_PREFIX = "";
			};
			name = Release;
		};
		E2A55E9621AAD3A500812DC6 /* Debug */ = {
			isa = XCBuildConfiguration;
			buildSettings = {
				CODE_SIGN_IDENTITY = "";
				CODE_SIGN_STYLE = Automatic;
				DEFINES_MODULE = YES;
				DYLIB_COMPATIBILITY_VERSION = 1;
				DYLIB_CURRENT_VERSION = 1;
				DYLIB_INSTALL_NAME_BASE = "@rpath";
				ENABLE_MODULE_VERIFIER = YES;
				INFOPLIST_FILE = BFWFetch/Info.plist;
				INSTALL_PATH = "$(LOCAL_LIBRARY_DIR)/Frameworks";
				LD_RUNPATH_SEARCH_PATHS = (
					"$(inherited)",
					"@executable_path/Frameworks",
					"@loader_path/Frameworks",
				);
				MODULE_VERIFIER_SUPPORTED_LANGUAGE_STANDARDS = "gnu11 gnu++14";
				PRODUCT_BUNDLE_IDENTIFIER = barefeetware.com.BFWFetch;
				PRODUCT_NAME = "$(TARGET_NAME:c99extidentifier)";
				SKIP_INSTALL = YES;
				SWIFT_VERSION = 5.0;
				TARGETED_DEVICE_FAMILY = "1,2";
			};
			name = Debug;
		};
		E2A55E9721AAD3A500812DC6 /* Release */ = {
			isa = XCBuildConfiguration;
			buildSettings = {
				CODE_SIGN_IDENTITY = "";
				CODE_SIGN_STYLE = Automatic;
				DEFINES_MODULE = YES;
				DYLIB_COMPATIBILITY_VERSION = 1;
				DYLIB_CURRENT_VERSION = 1;
				DYLIB_INSTALL_NAME_BASE = "@rpath";
				ENABLE_MODULE_VERIFIER = YES;
				INFOPLIST_FILE = BFWFetch/Info.plist;
				INSTALL_PATH = "$(LOCAL_LIBRARY_DIR)/Frameworks";
				LD_RUNPATH_SEARCH_PATHS = (
					"$(inherited)",
					"@executable_path/Frameworks",
					"@loader_path/Frameworks",
				);
				MODULE_VERIFIER_SUPPORTED_LANGUAGE_STANDARDS = "gnu11 gnu++14";
				PRODUCT_BUNDLE_IDENTIFIER = barefeetware.com.BFWFetch;
				PRODUCT_NAME = "$(TARGET_NAME:c99extidentifier)";
				SKIP_INSTALL = YES;
				SWIFT_VERSION = 5.0;
				TARGETED_DEVICE_FAMILY = "1,2";
			};
			name = Release;
		};
/* End XCBuildConfiguration section */

/* Begin XCConfigurationList section */
		E29168D822A29740005D638E /* Build configuration list for PBXNativeTarget "BFWFetch-Demo" */ = {
			isa = XCConfigurationList;
			buildConfigurations = (
				E29168D622A29740005D638E /* Debug */,
				E29168D722A29740005D638E /* Release */,
			);
			defaultConfigurationIsVisible = 0;
			defaultConfigurationName = Release;
		};
		E29F35F72F4AB8F4001F6459 /* Build configuration list for PBXNativeTarget "BFWFetchTests" */ = {
			isa = XCConfigurationList;
			buildConfigurations = (
				E29F35F82F4AB8F4001F6459 /* Debug */,
				E29F35F92F4AB8F4001F6459 /* Release */,
			);
			defaultConfigurationIsVisible = 0;
			defaultConfigurationName = Release;
		};
		E2A3C71E2F99F52000EC3DDD /* Build configuration list for PBXNativeTarget "BFWFetchCognito" */ = {
			isa = XCConfigurationList;
			buildConfigurations = (
				E2A3C71C2F99F52000EC3DDD /* Debug */,
				E2A3C71D2F99F52000EC3DDD /* Release */,
			);
			defaultConfigurationIsVisible = 0;
			defaultConfigurationName = Release;
		};
		E2A55E8721AAD3A500812DC6 /* Build configuration list for PBXProject "BFWFetch" */ = {
			isa = XCConfigurationList;
			buildConfigurations = (
				E2A55E9321AAD3A500812DC6 /* Debug */,
				E2A55E9421AAD3A500812DC6 /* Release */,
			);
			defaultConfigurationIsVisible = 0;
			defaultConfigurationName = Release;
		};
		E2A55E9521AAD3A500812DC6 /* Build configuration list for PBXNativeTarget "BFWFetch" */ = {
			isa = XCConfigurationList;
			buildConfigurations = (
				E2A55E9621AAD3A500812DC6 /* Debug */,
				E2A55E9721AAD3A500812DC6 /* Release */,
			);
			defaultConfigurationIsVisible = 0;
			defaultConfigurationName = Release;
		};
/* End XCConfigurationList section */

/* Begin XCRemoteSwiftPackageReference section */
		E2A3C7292F99F9F200EC3DDD /* XCRemoteSwiftPackageReference "aws-sdk-ios-spm" */ = {
			isa = XCRemoteSwiftPackageReference;
			repositoryURL = "https://github.com/aws-amplify/aws-sdk-ios-spm";
			requirement = {
				kind = upToNextMajorVersion;
				minimumVersion = 2.41.0;
			};
		};
/* End XCRemoteSwiftPackageReference section */

/* Begin XCSwiftPackageProductDependency section */
		E2A3C72A2F99F9F200EC3DDD /* AWSCognitoIdentityProvider */ = {
			isa = XCSwiftPackageProductDependency;
			package = E2A3C7292F99F9F200EC3DDD /* XCRemoteSwiftPackageReference "aws-sdk-ios-spm" */;
			productName = AWSCognitoIdentityProvider;
		};
		E2A3C72C2F99F9F200EC3DDD /* AWSCore */ = {
			isa = XCSwiftPackageProductDependency;
			package = E2A3C7292F99F9F200EC3DDD /* XCRemoteSwiftPackageReference "aws-sdk-ios-spm" */;
			productName = AWSCore;
		};
/* End XCSwiftPackageProductDependency section */
	};
	rootObject = E2A55E8421AAD3A500812DC6 /* Project object */;
}
